
Microsoft Visual Studio Solution File, Format Version 12.00
# Visual Studio Version 17
VisualStudioVersion = 17.10.34916.146
MinimumVisualStudioVersion = 10.0.40219.1
Project("{FAE04EC0-301F-11D3-BF4B-00C04F79EFBC}") = "CivilPython", "CivilPython\CivilPython.csproj", "{E74DC3AA-9882-43CC-9F8D-A867398027B3}"
EndProject
Global
	GlobalSection(SolutionConfigurationPlatforms) = preSolution
		2023|AnyCPU = 2023|AnyCPU
		2024|AnyCPU = 2024|AnyCPU
		2025|AnyCPU = 2025|AnyCPU
		Debug|AnyCPU = Debug|AnyCPU
		Release|AnyCPU = Release|AnyCPU
	EndGlobalSection
	GlobalSection(ProjectConfigurationPlatforms) = postSolution
		{E74DC3AA-9882-43CC-9F8D-A867398027B3}.2023|AnyCPU.ActiveCfg = 2023|Any CPU
		{E74DC3AA-9882-43CC-9F8D-A867398027B3}.2023|AnyCPU.Build.0 = 2023|Any CPU
		{E74DC3AA-9882-43CC-9F8D-A867398027B3}.2024|AnyCPU.ActiveCfg = 2024|Any CPU
		{E74DC3AA-9882-43CC-9F8D-A867398027B3}.2024|AnyCPU.Build.0 = 2024|Any CPU
		{E74DC3AA-9882-43CC-9F8D-A867398027B3}.2025|AnyCPU.ActiveCfg = 2025|Any CPU
		{E74DC3AA-9882-43CC-9F8D-A867398027B3}.2025|AnyCPU.Build.0 = 2025|Any CPU
		{E74DC3AA-9882-43CC-9F8D-A867398027B3}.Debug|AnyCPU.ActiveCfg = Debug|Any CPU
		{E74DC3AA-9882-43CC-9F8D-A867398027B3}.Debug|AnyCPU.Build.0 = Debug|Any CPU
		{E74DC3AA-9882-43CC-9F8D-A867398027B3}.Release|AnyCPU.ActiveCfg = Release|Any CPU
		{E74DC3AA-9882-43CC-9F8D-A867398027B3}.Release|AnyCPU.Build.0 = Release|Any CPU
	EndGlobalSection
	GlobalSection(SolutionProperties) = preSolution
		HideSolutionNode = FALSE
	EndGlobalSection
	GlobalSection(ExtensibilityGlobals) = postSolution
		SolutionGuid = {898CF3B2-78B1-4828-BF1E-91B57D201966}
	EndGlobalSection
EndGlobal
